
Microsoft Visual Studio Solution File, Format Version 12.00
# Visual Studio Version 17
VisualStudioVersion = 17.7.34031.279
MinimumVisualStudioVersion = 10.0.40219.1
Project("{FAE04EC0-301F-11D3-BF4B-00C04F79EFBC}") = "Fonksiyonlar", "Fonksiyonlar\Fonksiyonlar.csproj", "{CC8F3699-CE74-414D-AA9D-AC4C9046FCCC}"
EndProject
Global
	GlobalSection(SolutionConfigurationPlatforms) = preSolution
		Debug|Any CPU = Debug|Any CPU
		Release|Any CPU = Release|Any CPU
	EndGlobalSection
	GlobalSection(ProjectConfigurationPlatforms) = postSolution
		{CC8F3699-CE74-414D-AA9D-AC4C9046FCCC}.Debug|Any CPU.ActiveCfg = Debug|Any CPU
		{CC8F3699-CE74-414D-AA9D-AC4C9046FCCC}.Debug|Any CPU.Build.0 = Debug|Any CPU
		{CC8F3699-CE74-414D-AA9D-AC4C9046FCCC}.Release|Any CPU.ActiveCfg = Release|Any CPU
		{CC8F3699-CE74-414D-AA9D-AC4C9046FCCC}.Release|Any CPU.Build.0 = Release|Any CPU
	EndGlobalSection
	GlobalSection(SolutionProperties) = preSolution
		HideSolutionNode = FALSE
	EndGlobalSection
	GlobalSection(ExtensibilityGlobals) = postSolution
		SolutionGuid = {963AC182-763A-4046-BCF8-A7A2332ADA5F}
	EndGlobalSection
EndGlobal
